
Microsoft Visual Studio Solution File, Format Version 12.00
# Visual Studio Version 17
VisualStudioVersion = 17.9.34723.18
MinimumVisualStudioVersion = 10.0.40219.1
Project("{9A19103F-16F7-4668-BE54-9A1E7A4F7556}") = "Presentation", "Presentation\Presentation.csproj", "{F6724FB6-546E-4D1F-A4F1-FC4AA86A94E4}"
EndProject
Project("{FAE04EC0-301F-11D3-BF4B-00C04F79EFBC}") = "Domain", "Domain\Domain.csproj", "{38A39843-11B6-4051-830A-58D9E2F91E1A}"
EndProject
Project("{FAE04EC0-301F-11D3-BF4B-00C04F79EFBC}") = "DataAccess", "DataAccess\DataAccess.csproj", "{A2DDF1DA-95EE-4F64-B04D-D73F3A2E5E53}"
EndProject
Global
	GlobalSection(SolutionConfigurationPlatforms) = preSolution
		Debug|Any CPU = Debug|Any CPU
		Debug|x64 = Debug|x64
		Release|Any CPU = Release|Any CPU
		Release|x64 = Release|x64
		Test|Any CPU = Test|Any CPU
		Test|x64 = Test|x64
	EndGlobalSection
	GlobalSection(ProjectConfigurationPlatforms) = postSolution
		{F6724FB6-546E-4D1F-A4F1-FC4AA86A94E4}.Debug|Any CPU.ActiveCfg = Debug|Any CPU
		{F6724FB6-546E-4D1F-A4F1-FC4AA86A94E4}.Debug|Any CPU.Build.0 = Debug|Any CPU
		{F6724FB6-546E-4D1F-A4F1-FC4AA86A94E4}.Debug|x64.ActiveCfg = Debug|Any CPU
		{F6724FB6-546E-4D1F-A4F1-FC4AA86A94E4}.Debug|x64.Build.0 = Debug|Any CPU
		{F6724FB6-546E-4D1F-A4F1-FC4AA86A94E4}.Release|Any CPU.ActiveCfg = Release|Any CPU
		{F6724FB6-546E-4D1F-A4F1-FC4AA86A94E4}.Release|Any CPU.Build.0 = Release|Any CPU
		{F6724FB6-546E-4D1F-A4F1-FC4AA86A94E4}.Release|x64.ActiveCfg = Release|Any CPU
		{F6724FB6-546E-4D1F-A4F1-FC4AA86A94E4}.Release|x64.Build.0 = Release|Any CPU
		{F6724FB6-546E-4D1F-A4F1-FC4AA86A94E4}.Test|Any CPU.ActiveCfg = Test|Any CPU
		{F6724FB6-546E-4D1F-A4F1-FC4AA86A94E4}.Test|Any CPU.Build.0 = Test|Any CPU
		{F6724FB6-546E-4D1F-A4F1-FC4AA86A94E4}.Test|x64.ActiveCfg = Debug|Any CPU
		{F6724FB6-546E-4D1F-A4F1-FC4AA86A94E4}.Test|x64.Build.0 = Debug|Any CPU
		{38A39843-11B6-4051-830A-58D9E2F91E1A}.Debug|Any CPU.ActiveCfg = Debug|Any CPU
		{38A39843-11B6-4051-830A-58D9E2F91E1A}.Debug|Any CPU.Build.0 = Debug|Any CPU
		{38A39843-11B6-4051-830A-58D9E2F91E1A}.Debug|x64.ActiveCfg = Debug|Any CPU
		{38A39843-11B6-4051-830A-58D9E2F91E1A}.Debug|x64.Build.0 = Debug|Any CPU
		{38A39843-11B6-4051-830A-58D9E2F91E1A}.Release|Any CPU.ActiveCfg = Release|Any CPU
		{38A39843-11B6-4051-830A-58D9E2F91E1A}.Release|Any CPU.Build.0 = Release|Any CPU
		{38A39843-11B6-4051-830A-58D9E2F91E1A}.Release|x64.ActiveCfg = Release|Any CPU
		{38A39843-11B6-4051-830A-58D9E2F91E1A}.Release|x64.Build.0 = Release|Any CPU
		{38A39843-11B6-4051-830A-58D9E2F91E1A}.Test|Any CPU.ActiveCfg = Test|Any CPU
		{38A39843-11B6-4051-830A-58D9E2F91E1A}.Test|Any CPU.Build.0 = Test|Any CPU
		{38A39843-11B6-4051-830A-58D9E2F91E1A}.Test|x64.ActiveCfg = Debug|Any CPU
		{38A39843-11B6-4051-830A-58D9E2F91E1A}.Test|x64.Build.0 = Debug|Any CPU
		{A2DDF1DA-95EE-4F64-B04D-D73F3A2E5E53}.Debug|Any CPU.ActiveCfg = Debug|Any CPU
		{A2DDF1DA-95EE-4F64-B04D-D73F3A2E5E53}.Debug|Any CPU.Build.0 = Debug|Any CPU
		{A2DDF1DA-95EE-4F64-B04D-D73F3A2E5E53}.Debug|x64.ActiveCfg = Debug|x64
		{A2DDF1DA-95EE-4F64-B04D-D73F3A2E5E53}.Debug|x64.Build.0 = Debug|x64
		{A2DDF1DA-95EE-4F64-B04D-D73F3A2E5E53}.Release|Any CPU.ActiveCfg = Release|Any CPU
		{A2DDF1DA-95EE-4F64-B04D-D73F3A2E5E53}.Release|Any CPU.Build.0 = Release|Any CPU
		{A2DDF1DA-95EE-4F64-B04D-D73F3A2E5E53}.Release|x64.ActiveCfg = Release|x64
		{A2DDF1DA-95EE-4F64-B04D-D73F3A2E5E53}.Release|x64.Build.0 = Release|x64
		{A2DDF1DA-95EE-4F64-B04D-D73F3A2E5E53}.Test|Any CPU.ActiveCfg = Test|Any CPU
		{A2DDF1DA-95EE-4F64-B04D-D73F3A2E5E53}.Test|Any CPU.Build.0 = Test|Any CPU
		{A2DDF1DA-95EE-4F64-B04D-D73F3A2E5E53}.Test|x64.ActiveCfg = Debug|Any CPU
		{A2DDF1DA-95EE-4F64-B04D-D73F3A2E5E53}.Test|x64.Build.0 = Debug|Any CPU
	EndGlobalSection
	GlobalSection(SolutionProperties) = preSolution
		HideSolutionNode = FALSE
	EndGlobalSection
	GlobalSection(ExtensibilityGlobals) = postSolution
		SolutionGuid = {640084C4-3629-4834-9984-943730E875EC}
	EndGlobalSection
EndGlobal
